// !$*UTF8*$!
{
	archiveVersion = 1;
	classes = {
	};
	objectVersion = 56;
	objects = {

/* Begin PBXBuildFile section */
		BDA5661E2CDA35EA000F48E3 /* OrderApp.swift in Sources */ = {isa = PBXBuildFile; fileRef = BDA5661D2CDA35EA000F48E3 /* OrderApp.swift */; };
		BDA566202CDA35EA000F48E3 /* ContentView.swift in Sources */ = {isa = PBXBuildFile; fileRef = BDA5661F2CDA35EA000F48E3 /* ContentView.swift */; };
		BDA566222CDA35EC000F48E3 /* Assets.xcassets in Resources */ = {isa = PBXBuildFile; fileRef = BDA566212CDA35EC000F48E3 /* Assets.xcassets */; };
		BDA566252CDA35EC000F48E3 /* Preview Assets.xcassets in Resources */ = {isa = PBXBuildFile; fileRef = BDA566242CDA35EC000F48E3 /* Preview Assets.xcassets */; };
		BDA5662F2CDA35ED000F48E3 /* OrderTests.swift in Sources */ = {isa = PBXBuildFile; fileRef = BDA5662E2CDA35ED000F48E3 /* OrderTests.swift */; };
		BDA566392CDA35ED000F48E3 /* OrderUITests.swift in Sources */ = {isa = PBXBuildFile; fileRef = BDA566382CDA35ED000F48E3 /* OrderUITests.swift */; };
		BDA5663B2CDA35ED000F48E3 /* OrderUITestsLaunchTests.swift in Sources */ = {isa = PBXBuildFile; fileRef = BDA5663A2CDA35ED000F48E3 /* OrderUITestsLaunchTests.swift */; };
/* End PBXBuildFile section */

/* Begin PBXContainerItemProxy section */
		BDA5662B2CDA35ED000F48E3 /* PBXContainerItemProxy */ = {
			isa = PBXContainerItemProxy;
			containerPortal = BDA566122CDA35EA000F48E3 /* Project object */;
			proxyType = 1;
			remoteGlobalIDString = BDA566192CDA35EA000F48E3;
			remoteInfo = Order;
		};
		BDA566352CDA35ED000F48E3 /* PBXContainerItemProxy */ = {
			isa = PBXContainerItemProxy;
			containerPortal = BDA566122CDA35EA000F48E3 /* Project object */;
			proxyType = 1;
			remoteGlobalIDString = BDA566192CDA35EA000F48E3;
			remoteInfo = Order;
		};
/* End PBXContainerItemProxy section */

/* Begin PBXFileReference section */
		BDA5661A2CDA35EA000F48E3 /* Order.app */ = {isa = PBXFileReference; explicitFileType = wrapper.application; includeInIndex = 0; path = Order.app; sourceTree = BUILT_PRODUCTS_DIR; };
		BDA5661D2CDA35EA000F48E3 /* OrderApp.swift */ = {isa = PBXFileReference; lastKnownFileType = sourcecode.swift; path = OrderApp.swift; sourceTree = "<group>"; };
		BDA5661F2CDA35EA000F48E3 /* ContentView.swift */ = {isa = PBXFileReference; lastKnownFileType = sourcecode.swift; path = ContentView.swift; sourceTree = "<group>"; };
		BDA566212CDA35EC000F48E3 /* Assets.xcassets */ = {isa = PBXFileReference; lastKnownFileType = folder.assetcatalog; path = Assets.xcassets; sourceTree = "<group>"; };
		BDA566242CDA35EC000F48E3 /* Preview Assets.xcassets */ = {isa = PBXFileReference; lastKnownFileType = folder.assetcatalog; path = "Preview Assets.xcassets"; sourceTree = "<group>"; };
		BDA5662A2CDA35ED000F48E3 /* OrderTests.xctest */ = {isa = PBXFileReference; explicitFileType = wrapper.cfbundle; includeInIndex = 0; path = OrderTests.xctest; sourceTree = BUILT_PRODUCTS_DIR; };
		BDA5662E2CDA35ED000F48E3 /* OrderTests.swift */ = {isa = PBXFileReference; lastKnownFileType = sourcecode.swift; path = OrderTests.swift; sourceTree = "<group>"; };
		BDA566342CDA35ED000F48E3 /* OrderUITests.xctest */ = {isa = PBXFileReference; explicitFileType = wrapper.cfbundle; includeInIndex = 0; path = OrderUITests.xctest; sourceTree = BUILT_PRODUCTS_DIR; };
		BDA566382CDA35ED000F48E3 /* OrderUITests.swift */ = {isa = PBXFileReference; lastKnownFileType = sourcecode.swift; path = OrderUITests.swift; sourceTree = "<group>"; };
		BDA5663A2CDA35ED000F48E3 /* OrderUITestsLaunchTests.swift */ = {isa = PBXFileReference; lastKnownFileType = sourcecode.swift; path = OrderUITestsLaunchTests.swift; sourceTree = "<group>"; };
/* End PBXFileReference section */

/* Begin PBXFrameworksBuildPhase section */
		BDA566172CDA35EA000F48E3 /* Frameworks */ = {
			isa = PBXFrameworksBuildPhase;
			buildActionMask = 2147483647;
			files = (
			);
			runOnlyForDeploymentPostprocessing = 0;
		};
		BDA566272CDA35ED000F48E3 /* Frameworks */ = {
			isa = PBXFrameworksBuildPhase;
			buildActionMask = 2147483647;
			files = (
			);
			runOnlyForDeploymentPostprocessing = 0;
		};
		BDA566312CDA35ED000F48E3 /* Frameworks */ = {
			isa = PBXFrameworksBuildPhase;
			buildActionMask = 2147483647;
			files = (
			);
			runOnlyForDeploymentPostprocessing = 0;
		};
/* End PBXFrameworksBuildPhase section */

/* Begin PBXGroup section */
		BDA566112CDA35EA000F48E3 = {
			isa = PBXGroup;
			children = (
				BDA5661C2CDA35EA000F48E3 /* Order */,
				BDA5662D2CDA35ED000F48E3 /* OrderTests */,
				BDA566372CDA35ED000F48E3 /* OrderUITests */,
				BDA5661B2CDA35EA000F48E3 /* Products */,
			);
			sourceTree = "<group>";
		};
		BDA5661B2CDA35EA000F48E3 /* Products */ = {
			isa = PBXGroup;
			children = (
				BDA5661A2CDA35EA000F48E3 /* Order.app */,
				BDA5662A2CDA35ED000F48E3 /* OrderTests.xctest */,
				BDA566342CDA35ED000F48E3 /* OrderUITests.xctest */,
			);
			name = Products;
			sourceTree = "<group>";
		};
		BDA5661C2CDA35EA000F48E3 /* Order */ = {
			isa = PBXGroup;
			children = (
				BDA5661D2CDA35EA000F48E3 /* OrderApp.swift */,
				BDA5661F2CDA35EA000F48E3 /* ContentView.swift */,
				BDA566212CDA35EC000F48E3 /* Assets.xcassets */,
				BDA566232CDA35EC000F48E3 /* Preview Content */,
			);
			path = Order;
			sourceTree = "<group>";
		};
		BDA566232CDA35EC000F48E3 /* Preview Content */ = {
			isa = PBXGroup;
			children = (
				BDA566242CDA35EC000F48E3 /* Preview Assets.xcassets */,
			);
			path = "Preview Content";
			sourceTree = "<group>";
		};
		BDA5662D2CDA35ED000F48E3 /* OrderTests */ = {
			isa = PBXGroup;
			children = (
				BDA5662E2CDA35ED000F48E3 /* OrderTests.swift */,
			);
			path = OrderTests;
			sourceTree = "<group>";
		};
		BDA566372CDA35ED000F48E3 /* OrderUITests */ = {
			isa = PBXGroup;
			children = (
				BDA566382CDA35ED000F48E3 /* OrderUITests.swift */,
				BDA5663A2CDA35ED000F48E3 /* OrderUITestsLaunchTests.swift */,
			);
			path = OrderUITests;
			sourceTree = "<group>";
		};
/* End PBXGroup section */

/* Begin PBXNativeTarget section */
		BDA566192CDA35EA000F48E3 /* Order */ = {
			isa = PBXNativeTarget;
			buildConfigurationList = BDA5663E2CDA35ED000F48E3 /* Build configuration list for PBXNativeTarget "Order" */;
			buildPhases = (
				BDA566162CDA35EA000F48E3 /* Sources */,
				BDA566172CDA35EA000F48E3 /* Frameworks */,
				BDA566182CDA35EA000F48E3 /* Resources */,
			);
			buildRules = (
			);
			dependencies = (
			);
			name = Order;
			productName = Order;
			productReference = BDA5661A2CDA35EA000F48E3 /* Order.app */;
			productType = "com.apple.product-type.application";
		};
		BDA566292CDA35ED000F48E3 /* OrderTests */ = {
			isa = PBXNativeTarget;
			buildConfigurationList = BDA566412CDA35ED000F48E3 /* Build configuration list for PBXNativeTarget "OrderTests" */;
			buildPhases = (
				BDA566262CDA35ED000F48E3 /* Sources */,
				BDA566272CDA35ED000F48E3 /* Frameworks */,
				BDA566282CDA35ED000F48E3 /* Resources */,
			);
			buildRules = (
			);
			dependencies = (
				BDA5662C2CDA35ED000F48E3 /* PBXTargetDependency */,
			);
			name = OrderTests;
			productName = OrderTests;
			productReference = BDA5662A2CDA35ED000F48E3 /* OrderTests.xctest */;
			productType = "com.apple.product-type.bundle.unit-test";
		};
		BDA566332CDA35ED000F48E3 /* OrderUITests */ = {
			isa = PBXNativeTarget;
			buildConfigurationList = BDA566442CDA35ED000F48E3 /* Build configuration list for PBXNativeTarget "OrderUITests" */;
			buildPhases = (
				BDA566302CDA35ED000F48E3 /* Sources */,
				BDA566312CDA35ED000F48E3 /* Frameworks */,
				BDA566322CDA35ED000F48E3 /* Resources */,
			);
			buildRules = (
			);
			dependencies = (
				BDA566362CDA35ED000F48E3 /* PBXTargetDependency */,
			);
			name = OrderUITests;
			productName = OrderUITests;
			productReference = BDA566342CDA35ED000F48E3 /* OrderUITests.xctest */;
			productType = "com.apple.product-type.bundle.ui-testing";
		};
/* End PBXNativeTarget section */

/* Begin PBXProject section */
		BDA566122CDA35EA000F48E3 /* Project object */ = {
			isa = PBXProject;
			attributes = {
				BuildIndependentTargetsInParallel = 1;
				LastSwiftUpdateCheck = 1540;
				LastUpgradeCheck = 1540;
				TargetAttributes = {
					BDA566192CDA35EA000F48E3 = {
						CreatedOnToolsVersion = 15.4;
					};
					BDA566292CDA35ED000F48E3 = {
						CreatedOnToolsVersion = 15.4;
						TestTargetID = BDA566192CDA35EA000F48E3;
					};
					BDA566332CDA35ED000F48E3 = {
						CreatedOnToolsVersion = 15.4;
						TestTargetID = BDA566192CDA35EA000F48E3;
					};
				};
			};
			buildConfigurationList = BDA566152CDA35EA000F48E3 /* Build configuration list for PBXProject "Order" */;
			compatibilityVersion = "Xcode 14.0";
			developmentRegion = en;
			hasScannedForEncodings = 0;
			knownRegions = (
				en,
				Base,
			);
			mainGroup = BDA566112CDA35EA000F48E3;
			productRefGroup = BDA5661B2CDA35EA000F48E3 /* Products */;
			projectDirPath = "";
			projectRoot = "";
			targets = (
				BDA566192CDA35EA000F48E3 /* Order */,
				BDA566292CDA35ED000F48E3 /* OrderTests */,
				BDA566332CDA35ED000F48E3 /* OrderUITests */,
			);
		};
/* End PBXProject section */

/* Begin PBXResourcesBuildPhase section */
		BDA566182CDA35EA000F48E3 /* Resources */ = {
			isa = PBXResourcesBuildPhase;
			buildActionMask = 2147483647;
			files = (
				BDA566252CDA35EC000F48E3 /* Preview Assets.xcassets in Resources */,
				BDA566222CDA35EC000F48E3 /* Assets.xcassets in Resources */,
			);
			runOnlyForDeploymentPostprocessing = 0;
		};
		BDA566282CDA35ED000F48E3 /* Resources */ = {
			isa = PBXResourcesBuildPhase;
			buildActionMask = 2147483647;
			files = (
			);
			runOnlyForDeploymentPostprocessing = 0;
		};
		BDA566322CDA35ED000F48E3 /* Resources */ = {
			isa = PBXResourcesBuildPhase;
			buildActionMask = 2147483647;
			files = (
			);
			runOnlyForDeploymentPostprocessing = 0;
		};
/* End PBXResourcesBuildPhase section */

/* Begin PBXSourcesBuildPhase section */
		BDA566162CDA35EA000F48E3 /* Sources */ = {
			isa = PBXSourcesBuildPhase;
			buildActionMask = 2147483647;
			files = (
				BDA566202CDA35EA000F48E3 /* ContentView.swift in Sources */,
				BDA5661E2CDA35EA000F48E3 /* OrderApp.swift in Sources */,
			);
			runOnlyForDeploymentPostprocessing = 0;
		};
		BDA566262CDA35ED000F48E3 /* Sources */ = {
			isa = PBXSourcesBuildPhase;
			buildActionMask = 2147483647;
			files = (
				BDA5662F2CDA35ED000F48E3 /* OrderTests.swift in Sources */,
			);
			runOnlyForDeploymentPostprocessing = 0;
		};
		BDA566302CDA35ED000F48E3 /* Sources */ = {
			isa = PBXSourcesBuildPhase;
			buildActionMask = 2147483647;
			files = (
				BDA566392CDA35ED000F48E3 /* OrderUITests.swift in Sources */,
				BDA5663B2CDA35ED000F48E3 /* OrderUITestsLaunchTests.swift in Sources */,
			);
			runOnlyForDeploymentPostprocessing = 0;
		};
/* End PBXSourcesBuildPhase section */

/* Begin PBXTargetDependency section */
		BDA5662C2CDA35ED000F48E3 /* PBXTargetDependency */ = {
			isa = PBXTargetDependency;
			target = BDA566192CDA35EA000F48E3 /* Order */;
			targetProxy = BDA5662B2CDA35ED000F48E3 /* PBXContainerItemProxy */;
		};
		BDA566362CDA35ED000F48E3 /* PBXTargetDependency */ = {
			isa = PBXTargetDependency;
			target = BDA566192CDA35EA000F48E3 /* Order */;
			targetProxy = BDA566352CDA35ED000F48E3 /* PBXContainerItemProxy */;
		};
/* End PBXTargetDependency section */

/* Begin XCBuildConfiguration section */
		BDA5663C2CDA35ED000F48E3 /* Debug */ = {
			isa = XCBuildConfiguration;
			buildSettings = {
				ALWAYS_SEARCH_USER_PATHS = NO;
				ASSETCATALOG_COMPILER_GENERATE_SWIFT_ASSET_SYMBOL_EXTENSIONS = YES;
				CLANG_ANALYZER_NONNULL = YES;
				CLANG_ANALYZER_NUMBER_OBJECT_CONVERSION = YES_AGGRESSIVE;
				CLANG_CXX_LANGUAGE_STANDARD = "gnu++20";
				CLANG_ENABLE_MODULES = YES;
				CLANG_ENABLE_OBJC_ARC = YES;
				CLANG_ENABLE_OBJC_WEAK = YES;
				CLANG_WARN_BLOCK_CAPTURE_AUTORELEASING = YES;
				CLANG_WARN_BOOL_CONVERSION = YES;
				CLANG_WARN_COMMA = YES;
				CLANG_WARN_CONSTANT_CONVERSION = YES;
				CLANG_WARN_DEPRECATED_OBJC_IMPLEMENTATIONS = YES;
				CLANG_WARN_DIRECT_OBJC_ISA_USAGE = YES_ERROR;
				CLANG_WARN_DOCUMENTATION_COMMENTS = YES;
				CLANG_WARN_EMPTY_BODY = YES;
				CLANG_WARN_ENUM_CONVERSION = YES;
				CLANG_WARN_INFINITE_RECURSION = YES;
				CLANG_WARN_INT_CONVERSION = YES;
				CLANG_WARN_NON_LITERAL_NULL_CONVERSION = YES;
				CLANG_WARN_OBJC_IMPLICIT_RETAIN_SELF = YES;
				CLANG_WARN_OBJC_LITERAL_CONVERSION = YES;
				CLANG_WARN_OBJC_ROOT_CLASS = YES_ERROR;
				CLANG_WARN_QUOTED_INCLUDE_IN_FRAMEWORK_HEADER = YES;
				CLANG_WARN_RANGE_LOOP_ANALYSIS = YES;
				CLANG_WARN_STRICT_PROTOTYPES = YES;
				CLANG_WARN_SUSPICIOUS_MOVE = YES;
				CLANG_WARN_UNGUARDED_AVAILABILITY = YES_AGGRESSIVE;
				CLANG_WARN_UNREACHABLE_CODE = YES;
				CLANG_WARN__DUPLICATE_METHOD_MATCH = YES;
				COPY_PHASE_STRIP = NO;
				DEBUG_INFORMATION_FORMAT = dwarf;
				ENABLE_STRICT_OBJC_MSGSEND = YES;
				ENABLE_TESTABILITY = YES;
				ENABLE_USER_SCRIPT_SANDBOXING = YES;
				GCC_C_LANGUAGE_STANDARD = gnu17;
				GCC_DYNAMIC_NO_PIC = NO;
				GCC_NO_COMMON_BLOCKS = YES;
				GCC_OPTIMIZATION_LEVEL = 0;
				GCC_PREPROCESSOR_DEFINITIONS = (
					"DEBUG=1",
					"$(inherited)",
				);
				GCC_WARN_64_TO_32_BIT_CONVERSION = YES;
				GCC_WARN_ABOUT_RETURN_TYPE = YES_ERROR;
				GCC_WARN_UNDECLARED_SELECTOR = YES;
				GCC_WARN_UNINITIALIZED_AUTOS = YES_AGGRESSIVE;
				GCC_WARN_UNUSED_FUNCTION = YES;
				GCC_WARN_UNUSED_VARIABLE = YES;
				IPHONEOS_DEPLOYMENT_TARGET = 17.5;
				LOCALIZATION_PREFERS_STRING_CATALOGS = YES;
				MTL_ENABLE_DEBUG_INFO = INCLUDE_SOURCE;
				MTL_FAST_MATH = YES;
				ONLY_ACTIVE_ARCH = YES;
				SDKROOT = iphoneos;
				SWIFT_ACTIVE_COMPILATION_CONDITIONS = "DEBUG $(inherited)";
				SWIFT_OPTIMIZATION_LEVEL = "-Onone";
			};
			name = Debug;
		};
		BDA5663D2CDA35ED000F48E3 /* Release */ = {
			isa = XCBuildConfiguration;
			buildSettings = {
				ALWAYS_SEARCH_USER_PATHS = NO;
				ASSETCATALOG_COMPILER_GENERATE_SWIFT_ASSET_SYMBOL_EXTENSIONS = YES;
				CLANG_ANALYZER_NONNULL = YES;
				CLANG_ANALYZER_NUMBER_OBJECT_CONVERSION = YES_AGGRESSIVE;
				CLANG_CXX_LANGUAGE_STANDARD = "gnu++20";
				CLANG_ENABLE_MODULES = YES;
				CLANG_ENABLE_OBJC_ARC = YES;
				CLANG_ENABLE_OBJC_WEAK = YES;
				CLANG_WARN_BLOCK_CAPTURE_AUTORELEASING = YES;
				CLANG_WARN_BOOL_CONVERSION = YES;
				CLANG_WARN_COMMA = YES;
				CLANG_WARN_CONSTANT_CONVERSION = YES;
				CLANG_WARN_DEPRECATED_OBJC_IMPLEMENTATIONS = YES;
				CLANG_WARN_DIRECT_OBJC_ISA_USAGE = YES_ERROR;
				CLANG_WARN_DOCUMENTATION_COMMENTS = YES;
				CLANG_WARN_EMPTY_BODY = YES;
				CLANG_WARN_ENUM_CONVERSION = YES;
				CLANG_WARN_INFINITE_RECURSION = YES;
				CLANG_WARN_INT_CONVERSION = YES;
				CLANG_WARN_NON_LITERAL_NULL_CONVERSION = YES;
				CLANG_WARN_OBJC_IMPLICIT_RETAIN_SELF = YES;
				CLANG_WARN_OBJC_LITERAL_CONVERSION = YES;
				CLANG_WARN_OBJC_ROOT_CLASS = YES_ERROR;
				CLANG_WARN_QUOTED_INCLUDE_IN_FRAMEWORK_HEADER = YES;
				CLANG_WARN_RANGE_LOOP_ANALYSIS = YES;
				CLANG_WARN_STRICT_PROTOTYPES = YES;
				CLANG_WARN_SUSPICIOUS_MOVE = YES;
				CLANG_WARN_UNGUARDED_AVAILABILITY = YES_AGGRESSIVE;
				CLANG_WARN_UNREACHABLE_CODE = YES;
				CLANG_WARN__DUPLICATE_METHOD_MATCH = YES;
				COPY_PHASE_STRIP = NO;
				DEBUG_INFORMATION_FORMAT = "dwarf-with-dsym";
				ENABLE_NS_ASSERTIONS = NO;
				ENABLE_STRICT_OBJC_MSGSEND = YES;
				ENABLE_USER_SCRIPT_SANDBOXING = YES;
				GCC_C_LANGUAGE_STANDARD = gnu17;
				GCC_NO_COMMON_BLOCKS = YES;
				GCC_WARN_64_TO_32_BIT_CONVERSION = YES;
				GCC_WARN_ABOUT_RETURN_TYPE = YES_ERROR;
				GCC_WARN_UNDECLARED_SELECTOR = YES;
				GCC_WARN_UNINITIALIZED_AUTOS = YES_AGGRESSIVE;
				GCC_WARN_UNUSED_FUNCTION = YES;
				GCC_WARN_UNUSED_VARIABLE = YES;
				IPHONEOS_DEPLOYMENT_TARGET = 17.5;
				LOCALIZATION_PREFERS_STRING_CATALOGS = YES;
				MTL_ENABLE_DEBUG_INFO = NO;
				MTL_FAST_MATH = YES;
				SDKROOT = iphoneos;
				SWIFT_COMPILATION_MODE = wholemodule;
				VALIDATE_PRODUCT = YES;
			};
			name = Release;
		};
		BDA5663F2CDA35ED000F48E3 /* Debug */ = {
			isa = XCBuildConfiguration;
			buildSettings = {
				ASSETCATALOG_COMPILER_APPICON_NAME = AppIcon;
				ASSETCATALOG_COMPILER_GLOBAL_ACCENT_COLOR_NAME = AccentColor;
				CODE_SIGN_STYLE = Automatic;
				CURRENT_PROJECT_VERSION = 1;
				DEVELOPMENT_ASSET_PATHS = "\"Order/Preview Content\"";
				DEVELOPMENT_TEAM = B3T96W8UFG;
				ENABLE_PREVIEWS = YES;
				GENERATE_INFOPLIST_FILE = YES;
				INFOPLIST_KEY_UIApplicationSceneManifest_Generation = YES;
				INFOPLIST_KEY_UIApplicationSupportsIndirectInputEvents = YES;
				INFOPLIST_KEY_UILaunchScreen_Generation = YES;
				INFOPLIST_KEY_UISupportedInterfaceOrientations_iPad = "UIInterfaceOrientationPortrait UIInterfaceOrientationPortraitUpsideDown UIInterfaceOrientationLandscapeLeft UIInterfaceOrientationLandscapeRight";
				INFOPLIST_KEY_UISupportedInterfaceOrientations_iPhone = "UIInterfaceOrientationPortrait UIInterfaceOrientationLandscapeLeft UIInterfaceOrientationLandscapeRight";
				LD_RUNPATH_SEARCH_PATHS = (
					"$(inherited)",
					"@executable_path/Frameworks",
				);
				MARKETING_VERSION = 1.0;
				PRODUCT_BUNDLE_IDENTIFIER = com.example.diondev.Order;
				PRODUCT_NAME = "$(TARGET_NAME)";
				SWIFT_EMIT_LOC_STRINGS = YES;
				SWIFT_VERSION = 5.0;
				TARGETED_DEVICE_FAMILY = "1,2";
			};
			name = Debug;
		};
		BDA566402CDA35ED000F48E3 /* Release */ = {
			isa = XCBuildConfiguration;
			buildSettings = {
				ASSETCATALOG_COMPILER_APPICON_NAME = AppIcon;
				ASSETCATALOG_COMPILER_GLOBAL_ACCENT_COLOR_NAME = AccentColor;
				CODE_SIGN_STYLE = Automatic;
				CURRENT_PROJECT_VERSION = 1;
				DEVELOPMENT_ASSET_PATHS = "\"Order/Preview Content\"";
				DEVELOPMENT_TEAM = B3T96W8UFG;
				ENABLE_PREVIEWS = YES;
				GENERATE_INFOPLIST_FILE = YES;
				INFOPLIST_KEY_UIApplicationSceneManifest_Generation = YES;
				INFOPLIST_KEY_UIApplicationSupportsIndirectInputEvents = YES;
				INFOPLIST_KEY_UILaunchScreen_Generation = YES;
				INFOPLIST_KEY_UISupportedInterfaceOrientations_iPad = "UIInterfaceOrientationPortrait UIInterfaceOrientationPortraitUpsideDown UIInterfaceOrientationLandscapeLeft UIInterfaceOrientationLandscapeRight";
				INFOPLIST_KEY_UISupportedInterfaceOrientations_iPhone = "UIInterfaceOrientationPortrait UIInterfaceOrientationLandscapeLeft UIInterfaceOrientationLandscapeRight";
				LD_RUNPATH_SEARCH_PATHS = (
					"$(inherited)",
					"@executable_path/Frameworks",
				);
				MARKETING_VERSION = 1.0;
				PRODUCT_BUNDLE_IDENTIFIER = com.example.diondev.Order;
				PRODUCT_NAME = "$(TARGET_NAME)";
				SWIFT_EMIT_LOC_STRINGS = YES;
				SWIFT_VERSION = 5.0;
				TARGETED_DEVICE_FAMILY = "1,2";
			};
			name = Release;
		};
		BDA566422CDA35ED000F48E3 /* Debug */ = {
			isa = XCBuildConfiguration;
			buildSettings = {
				ALWAYS_EMBED_SWIFT_STANDARD_LIBRARIES = YES;
				BUNDLE_LOADER = "$(TEST_HOST)";
				CODE_SIGN_STYLE = Automatic;
				CURRENT_PROJECT_VERSION = 1;
				DEVELOPMENT_TEAM = B3T96W8UFG;
				GENERATE_INFOPLIST_FILE = YES;
				IPHONEOS_DEPLOYMENT_TARGET = 17.5;
				MARKETING_VERSION = 1.0;
				PRODUCT_BUNDLE_IDENTIFIER = com.example.diondev.OrderTests;
				PRODUCT_NAME = "$(TARGET_NAME)";
				SWIFT_EMIT_LOC_STRINGS = NO;
				SWIFT_VERSION = 5.0;
				TARGETED_DEVICE_FAMILY = "1,2";
				TEST_HOST = "$(BUILT_PRODUCTS_DIR)/Order.app/$(BUNDLE_EXECUTABLE_FOLDER_PATH)/Order";
			};
			name = Debug;
		};
		BDA566432CDA35ED000F48E3 /* Release */ = {
			isa = XCBuildConfiguration;
			buildSettings = {
				ALWAYS_EMBED_SWIFT_STANDARD_LIBRARIES = YES;
				BUNDLE_LOADER = "$(TEST_HOST)";
				CODE_SIGN_STYLE = Automatic;
				CURRENT_PROJECT_VERSION = 1;
				DEVELOPMENT_TEAM = B3T96W8UFG;
				GENERATE_INFOPLIST_FILE = YES;
				IPHONEOS_DEPLOYMENT_TARGET = 17.5;
				MARKETING_VERSION = 1.0;
				PRODUCT_BUNDLE_IDENTIFIER = com.example.diondev.OrderTests;
				PRODUCT_NAME = "$(TARGET_NAME)";
				SWIFT_EMIT_LOC_STRINGS = NO;
				SWIFT_VERSION = 5.0;
				TARGETED_DEVICE_FAMILY = "1,2";
				TEST_HOST = "$(BUILT_PRODUCTS_DIR)/Order.app/$(BUNDLE_EXECUTABLE_FOLDER_PATH)/Order";
			};
			name = Release;
		};
		BDA566452CDA35ED000F48E3 /* Debug */ = {
			isa = XCBuildConfiguration;
			buildSettings = {
				ALWAYS_EMBED_SWIFT_STANDARD_LIBRARIES = YES;
				CODE_SIGN_STYLE = Automatic;
				CURRENT_PROJECT_VERSION = 1;
				DEVELOPMENT_TEAM = B3T96W8UFG;
				GENERATE_INFOPLIST_FILE = YES;
				MARKETING_VERSION = 1.0;
				PRODUCT_BUNDLE_IDENTIFIER = com.example.diondev.OrderUITests;
				PRODUCT_NAME = "$(TARGET_NAME)";
				SWIFT_EMIT_LOC_STRINGS = NO;
				SWIFT_VERSION = 5.0;
				TARGETED_DEVICE_FAMILY = "1,2";
				TEST_TARGET_NAME = Order;
			};
			name = Debug;
		};
		BDA566462CDA35ED000F48E3 /* Release */ = {
			isa = XCBuildConfiguration;
			buildSettings = {
				ALWAYS_EMBED_SWIFT_STANDARD_LIBRARIES = YES;
				CODE_SIGN_STYLE = Automatic;
				CURRENT_PROJECT_VERSION = 1;
				DEVELOPMENT_TEAM = B3T96W8UFG;
				GENERATE_INFOPLIST_FILE = YES;
				MARKETING_VERSION = 1.0;
				PRODUCT_BUNDLE_IDENTIFIER = com.example.diondev.OrderUITests;
				PRODUCT_NAME = "$(TARGET_NAME)";
				SWIFT_EMIT_LOC_STRINGS = NO;
				SWIFT_VERSION = 5.0;
				TARGETED_DEVICE_FAMILY = "1,2";
				TEST_TARGET_NAME = Order;
			};
			name = Release;
		};
/* End XCBuildConfiguration section */

/* Begin XCConfigurationList section */
		BDA566152CDA35EA000F48E3 /* Build configuration list for PBXProject "Order" */ = {
			isa = XCConfigurationList;
			buildConfigurations = (
				BDA5663C2CDA35ED000F48E3 /* Debug */,
				BDA5663D2CDA35ED000F48E3 /* Release */,
			);
			defaultConfigurationIsVisible = 0;
			defaultConfigurationName = Release;
		};
		BDA5663E2CDA35ED000F48E3 /* Build configuration list for PBXNativeTarget "Order" */ = {
			isa = XCConfigurationList;
			buildConfigurations = (
				BDA5663F2CDA35ED000F48E3 /* Debug */,
				BDA566402CDA35ED000F48E3 /* Release */,
			);
			defaultConfigurationIsVisible = 0;
			defaultConfigurationName = Release;
		};
		BDA566412CDA35ED000F48E3 /* Build configuration list for PBXNativeTarget "OrderTests" */ = {
			isa = XCConfigurationList;
			buildConfigurations = (
				BDA566422CDA35ED000F48E3 /* Debug */,
				BDA566432CDA35ED000F48E3 /* Release */,
			);
			defaultConfigurationIsVisible = 0;
			defaultConfigurationName = Release;
		};
		BDA566442CDA35ED000F48E3 /* Build configuration list for PBXNativeTarget "OrderUITests" */ = {
			isa = XCConfigurationList;
			buildConfigurations = (
				BDA566452CDA35ED000F48E3 /* Debug */,
				BDA566462CDA35ED000F48E3 /* Release */,
			);
			defaultConfigurationIsVisible = 0;
			defaultConfigurationName = Release;
		};
/* End XCConfigurationList section */
	};
	rootObject = BDA566122CDA35EA000F48E3 /* Project object */;
}
